
Microsoft Visual Studio Solution File, Format Version 12.00
# Visual Studio 15
VisualStudioVersion = 15.0.28307.902
MinimumVisualStudioVersion = 10.0.40219.1
Project("{FAE04EC0-301F-11D3-BF4B-00C04F79EFBC}") = "WpfApp1", "WpfApp1\WpfApp1.csproj", "{0C299E7D-80B1-46CF-B3E1-30CCB21CF6C5}"
EndProject
Global
	GlobalSection(SolutionConfigurationPlatforms) = preSolution
		Debug|Any CPU = Debug|Any CPU
		Release|Any CPU = Release|Any CPU
	EndGlobalSection
	GlobalSection(ProjectConfigurationPlatforms) = postSolution
		{0C299E7D-80B1-46CF-B3E1-30CCB21CF6C5}.Debug|Any CPU.ActiveCfg = Debug|Any CPU
		{0C299E7D-80B1-46CF-B3E1-30CCB21CF6C5}.Debug|Any CPU.Build.0 = Debug|Any CPU
		{0C299E7D-80B1-46CF-B3E1-30CCB21CF6C5}.Release|Any CPU.ActiveCfg = Release|Any CPU
		{0C299E7D-80B1-46CF-B3E1-30CCB21CF6C5}.Release|Any CPU.Build.0 = Release|Any CPU
	EndGlobalSection
	GlobalSection(SolutionProperties) = preSolution
		HideSolutionNode = FALSE
	EndGlobalSection
	GlobalSection(ExtensibilityGlobals) = postSolution
		SolutionGuid = {CBDEC015-5C6B-47D3-88C7-156C527213EA}
	EndGlobalSection
EndGlobal
